
Microsoft Visual Studio Solution File, Format Version 12.00
Project("{FAE04EC0-301F-11D3-BF4B-00C04F79EFBC}") = "ADTP", "ADTP.csproj", "{ECC1DE43-FDEC-497C-9DE2-E04A7137E280}"
EndProject
Global
	GlobalSection(SolutionConfigurationPlatforms) = preSolution
		Debug|Any CPU = Debug|Any CPU
		Release|Any CPU = Release|Any CPU
	EndGlobalSection
	GlobalSection(ProjectConfigurationPlatforms) = postSolution
		{ECC1DE43-FDEC-497C-9DE2-E04A7137E280}.Debug|Any CPU.ActiveCfg = Debug|Any CPU
		{ECC1DE43-FDEC-497C-9DE2-E04A7137E280}.Debug|Any CPU.Build.0 = Debug|Any CPU
		{ECC1DE43-FDEC-497C-9DE2-E04A7137E280}.Release|Any CPU.ActiveCfg = Release|Any CPU
		{ECC1DE43-FDEC-497C-9DE2-E04A7137E280}.Release|Any CPU.Build.0 = Release|Any CPU
	EndGlobalSection
	GlobalSection(NestedProjects) = preSolution
	EndGlobalSection
EndGlobal
